
Microsoft Visual Studio Solution File, Format Version 12.00
# Visual Studio 14
VisualStudioVersion = 14.0.23107.0
MinimumVisualStudioVersion = 10.0.40219.1
Project("{FAE04EC0-301F-11D3-BF4B-00C04F79EFBC}") = "Euler37", "Euler37\Euler37.csproj", "{E44CAD36-430A-4A14-BA70-5DF3B0863377}"
EndProject
Global
	GlobalSection(SolutionConfigurationPlatforms) = preSolution
		Debug|Any CPU = Debug|Any CPU
		Release|Any CPU = Release|Any CPU
	EndGlobalSection
	GlobalSection(ProjectConfigurationPlatforms) = postSolution
		{E44CAD36-430A-4A14-BA70-5DF3B0863377}.Debug|Any CPU.ActiveCfg = Debug|Any CPU
		{E44CAD36-430A-4A14-BA70-5DF3B0863377}.Debug|Any CPU.Build.0 = Debug|Any CPU
		{E44CAD36-430A-4A14-BA70-5DF3B0863377}.Release|Any CPU.ActiveCfg = Release|Any CPU
		{E44CAD36-430A-4A14-BA70-5DF3B0863377}.Release|Any CPU.Build.0 = Release|Any CPU
	EndGlobalSection
	GlobalSection(SolutionProperties) = preSolution
		HideSolutionNode = FALSE
	EndGlobalSection
EndGlobal
